
Microsoft Visual Studio Solution File, Format Version 12.00
# Visual Studio 15
VisualStudioVersion = 15.0.26430.12
MinimumVisualStudioVersion = 10.0.40219.1
Project("{FAE04EC0-301F-11D3-BF4B-00C04F79EFBC}") = "MVVMFramework", "MVVMFramework\MVVMFramework.csproj", "{A0E15986-8915-489D-849B-3BD0EBA74F20}"
EndProject
Project("{FAE04EC0-301F-11D3-BF4B-00C04F79EFBC}") = "MVVMFramework.Universal", "MVVMFramework.Universal\MVVMFramework.Universal.csproj", "{AE829603-4E06-4BFD-87DA-3F1932D1623A}"
EndProject
Project("{FAE04EC0-301F-11D3-BF4B-00C04F79EFBC}") = "MVVMFramework.Portable", "MVVMFramework.Portable\MVVMFramework.Portable.csproj", "{67F9D3A8-F71E-4428-913F-C37AE82CDB24}"
EndProject
Project("{9A19103F-16F7-4668-BE54-9A1E7A4F7556}") = "MVVMFramework.Standard", "MVVMFramework.Standard\MVVMFramework.Standard.csproj", "{AFFB85FD-5C6A-48C5-A7EE-82824FDD56B7}"
EndProject
Project("{2150E333-8FDC-42A3-9474-1A3956D46DE8}") = "Samples", "Samples", "{5A7CBA0A-58D3-4C8F-BDCC-9F0AD586A5EE}"
EndProject
Project("{FAE04EC0-301F-11D3-BF4B-00C04F79EFBC}") = "MVVMFramework.Sample.WPF", "MVVMFramework.Sample.WPF\MVVMFramework.Sample.WPF.csproj", "{177AFC8C-6BD3-4F80-8878-F1E3076A5555}"
EndProject
Global
	GlobalSection(SolutionConfigurationPlatforms) = preSolution
		Debug|Any CPU = Debug|Any CPU
		Debug|ARM = Debug|ARM
		Debug|x64 = Debug|x64
		Debug|x86 = Debug|x86
		Release|Any CPU = Release|Any CPU
		Release|ARM = Release|ARM
		Release|x64 = Release|x64
		Release|x86 = Release|x86
	EndGlobalSection
	GlobalSection(ProjectConfigurationPlatforms) = postSolution
		{A0E15986-8915-489D-849B-3BD0EBA74F20}.Debug|Any CPU.ActiveCfg = Debug|Any CPU
		{A0E15986-8915-489D-849B-3BD0EBA74F20}.Debug|Any CPU.Build.0 = Debug|Any CPU
		{A0E15986-8915-489D-849B-3BD0EBA74F20}.Debug|ARM.ActiveCfg = Debug|Any CPU
		{A0E15986-8915-489D-849B-3BD0EBA74F20}.Debug|ARM.Build.0 = Debug|Any CPU
		{A0E15986-8915-489D-849B-3BD0EBA74F20}.Debug|x64.ActiveCfg = Debug|Any CPU
		{A0E15986-8915-489D-849B-3BD0EBA74F20}.Debug|x64.Build.0 = Debug|Any CPU
		{A0E15986-8915-489D-849B-3BD0EBA74F20}.Debug|x86.ActiveCfg = Debug|Any CPU
		{A0E15986-8915-489D-849B-3BD0EBA74F20}.Debug|x86.Build.0 = Debug|Any CPU
		{A0E15986-8915-489D-849B-3BD0EBA74F20}.Release|Any CPU.ActiveCfg = Release|Any CPU
		{A0E15986-8915-489D-849B-3BD0EBA74F20}.Release|Any CPU.Build.0 = Release|Any CPU
		{A0E15986-8915-489D-849B-3BD0EBA74F20}.Release|ARM.ActiveCfg = Release|Any CPU
		{A0E15986-8915-489D-849B-3BD0EBA74F20}.Release|ARM.Build.0 = Release|Any CPU
		{A0E15986-8915-489D-849B-3BD0EBA74F20}.Release|x64.ActiveCfg = Release|Any CPU
		{A0E15986-8915-489D-849B-3BD0EBA74F20}.Release|x64.Build.0 = Release|Any CPU
		{A0E15986-8915-489D-849B-3BD0EBA74F20}.Release|x86.ActiveCfg = Release|Any CPU
		{A0E15986-8915-489D-849B-3BD0EBA74F20}.Release|x86.Build.0 = Release|Any CPU
		{AE829603-4E06-4BFD-87DA-3F1932D1623A}.Debug|Any CPU.ActiveCfg = Debug|Any CPU
		{AE829603-4E06-4BFD-87DA-3F1932D1623A}.Debug|Any CPU.Build.0 = Debug|Any CPU
		{AE829603-4E06-4BFD-87DA-3F1932D1623A}.Debug|ARM.ActiveCfg = Debug|ARM
		{AE829603-4E06-4BFD-87DA-3F1932D1623A}.Debug|ARM.Build.0 = Debug|ARM
		{AE829603-4E06-4BFD-87DA-3F1932D1623A}.Debug|x64.ActiveCfg = Debug|x64
		{AE829603-4E06-4BFD-87DA-3F1932D1623A}.Debug|x64.Build.0 = Debug|x64
		{AE829603-4E06-4BFD-87DA-3F1932D1623A}.Debug|x86.ActiveCfg = Debug|x86
		{AE829603-4E06-4BFD-87DA-3F1932D1623A}.Debug|x86.Build.0 = Debug|x86
		{AE829603-4E06-4BFD-87DA-3F1932D1623A}.Release|Any CPU.ActiveCfg = Release|Any CPU
		{AE829603-4E06-4BFD-87DA-3F1932D1623A}.Release|Any CPU.Build.0 = Release|Any CPU
		{AE829603-4E06-4BFD-87DA-3F1932D1623A}.Release|ARM.ActiveCfg = Release|ARM
		{AE829603-4E06-4BFD-87DA-3F1932D1623A}.Release|ARM.Build.0 = Release|ARM
		{AE829603-4E06-4BFD-87DA-3F1932D1623A}.Release|x64.ActiveCfg = Release|x64
		{AE829603-4E06-4BFD-87DA-3F1932D1623A}.Release|x64.Build.0 = Release|x64
		{AE829603-4E06-4BFD-87DA-3F1932D1623A}.Release|x86.ActiveCfg = Release|x86
		{AE829603-4E06-4BFD-87DA-3F1932D1623A}.Release|x86.Build.0 = Release|x86
		{67F9D3A8-F71E-4428-913F-C37AE82CDB24}.Debug|Any CPU.ActiveCfg = Debug|Any CPU
		{67F9D3A8-F71E-4428-913F-C37AE82CDB24}.Debug|Any CPU.Build.0 = Debug|Any CPU
		{67F9D3A8-F71E-4428-913F-C37AE82CDB24}.Debug|ARM.ActiveCfg = Debug|Any CPU
		{67F9D3A8-F71E-4428-913F-C37AE82CDB24}.Debug|ARM.Build.0 = Debug|Any CPU
		{67F9D3A8-F71E-4428-913F-C37AE82CDB24}.Debug|x64.ActiveCfg = Debug|Any CPU
		{67F9D3A8-F71E-4428-913F-C37AE82CDB24}.Debug|x64.Build.0 = Debug|Any CPU
		{67F9D3A8-F71E-4428-913F-C37AE82CDB24}.Debug|x86.ActiveCfg = Debug|Any CPU
		{67F9D3A8-F71E-4428-913F-C37AE82CDB24}.Debug|x86.Build.0 = Debug|Any CPU
		{67F9D3A8-F71E-4428-913F-C37AE82CDB24}.Release|Any CPU.ActiveCfg = Release|Any CPU
		{67F9D3A8-F71E-4428-913F-C37AE82CDB24}.Release|Any CPU.Build.0 = Release|Any CPU
		{67F9D3A8-F71E-4428-913F-C37AE82CDB24}.Release|ARM.ActiveCfg = Release|Any CPU
		{67F9D3A8-F71E-4428-913F-C37AE82CDB24}.Release|ARM.Build.0 = Release|Any CPU
		{67F9D3A8-F71E-4428-913F-C37AE82CDB24}.Release|x64.ActiveCfg = Release|Any CPU
		{67F9D3A8-F71E-4428-913F-C37AE82CDB24}.Release|x64.Build.0 = Release|Any CPU
		{67F9D3A8-F71E-4428-913F-C37AE82CDB24}.Release|x86.ActiveCfg = Release|Any CPU
		{67F9D3A8-F71E-4428-913F-C37AE82CDB24}.Release|x86.Build.0 = Release|Any CPU
		{AFFB85FD-5C6A-48C5-A7EE-82824FDD56B7}.Debug|Any CPU.ActiveCfg = Debug|Any CPU
		{AFFB85FD-5C6A-48C5-A7EE-82824FDD56B7}.Debug|Any CPU.Build.0 = Debug|Any CPU
		{AFFB85FD-5C6A-48C5-A7EE-82824FDD56B7}.Debug|ARM.ActiveCfg = Debug|Any CPU
		{AFFB85FD-5C6A-48C5-A7EE-82824FDD56B7}.Debug|ARM.Build.0 = Debug|Any CPU
		{AFFB85FD-5C6A-48C5-A7EE-82824FDD56B7}.Debug|x64.ActiveCfg = Debug|Any CPU
		{AFFB85FD-5C6A-48C5-A7EE-82824FDD56B7}.Debug|x64.Build.0 = Debug|Any CPU
		{AFFB85FD-5C6A-48C5-A7EE-82824FDD56B7}.Debug|x86.ActiveCfg = Debug|Any CPU
		{AFFB85FD-5C6A-48C5-A7EE-82824FDD56B7}.Debug|x86.Build.0 = Debug|Any CPU
		{AFFB85FD-5C6A-48C5-A7EE-82824FDD56B7}.Release|Any CPU.ActiveCfg = Release|Any CPU
		{AFFB85FD-5C6A-48C5-A7EE-82824FDD56B7}.Release|Any CPU.Build.0 = Release|Any CPU
		{AFFB85FD-5C6A-48C5-A7EE-82824FDD56B7}.Release|ARM.ActiveCfg = Release|Any CPU
		{AFFB85FD-5C6A-48C5-A7EE-82824FDD56B7}.Release|ARM.Build.0 = Release|Any CPU
		{AFFB85FD-5C6A-48C5-A7EE-82824FDD56B7}.Release|x64.ActiveCfg = Release|Any CPU
		{AFFB85FD-5C6A-48C5-A7EE-82824FDD56B7}.Release|x64.Build.0 = Release|Any CPU
		{AFFB85FD-5C6A-48C5-A7EE-82824FDD56B7}.Release|x86.ActiveCfg = Release|Any CPU
		{AFFB85FD-5C6A-48C5-A7EE-82824FDD56B7}.Release|x86.Build.0 = Release|Any CPU
		{177AFC8C-6BD3-4F80-8878-F1E3076A5555}.Debug|Any CPU.ActiveCfg = Debug|Any CPU
		{177AFC8C-6BD3-4F80-8878-F1E3076A5555}.Debug|Any CPU.Build.0 = Debug|Any CPU
		{177AFC8C-6BD3-4F80-8878-F1E3076A5555}.Debug|ARM.ActiveCfg = Debug|Any CPU
		{177AFC8C-6BD3-4F80-8878-F1E3076A5555}.Debug|ARM.Build.0 = Debug|Any CPU
		{177AFC8C-6BD3-4F80-8878-F1E3076A5555}.Debug|x64.ActiveCfg = Debug|Any CPU
		{177AFC8C-6BD3-4F80-8878-F1E3076A5555}.Debug|x64.Build.0 = Debug|Any CPU
		{177AFC8C-6BD3-4F80-8878-F1E3076A5555}.Debug|x86.ActiveCfg = Debug|Any CPU
		{177AFC8C-6BD3-4F80-8878-F1E3076A5555}.Debug|x86.Build.0 = Debug|Any CPU
		{177AFC8C-6BD3-4F80-8878-F1E3076A5555}.Release|Any CPU.ActiveCfg = Release|Any CPU
		{177AFC8C-6BD3-4F80-8878-F1E3076A5555}.Release|Any CPU.Build.0 = Release|Any CPU
		{177AFC8C-6BD3-4F80-8878-F1E3076A5555}.Release|ARM.ActiveCfg = Release|Any CPU
		{177AFC8C-6BD3-4F80-8878-F1E3076A5555}.Release|ARM.Build.0 = Release|Any CPU
		{177AFC8C-6BD3-4F80-8878-F1E3076A5555}.Release|x64.ActiveCfg = Release|Any CPU
		{177AFC8C-6BD3-4F80-8878-F1E3076A5555}.Release|x64.Build.0 = Release|Any CPU
		{177AFC8C-6BD3-4F80-8878-F1E3076A5555}.Release|x86.ActiveCfg = Release|Any CPU
		{177AFC8C-6BD3-4F80-8878-F1E3076A5555}.Release|x86.Build.0 = Release|Any CPU
	EndGlobalSection
	GlobalSection(SolutionProperties) = preSolution
		HideSolutionNode = FALSE
	EndGlobalSection
	GlobalSection(NestedProjects) = preSolution
		{177AFC8C-6BD3-4F80-8878-F1E3076A5555} = {5A7CBA0A-58D3-4C8F-BDCC-9F0AD586A5EE}
	EndGlobalSection
	GlobalSection(ExtensibilityGlobals) = postSolution
		SolutionGuid = {B960A045-82F6-4AC8-BAED-8535BE6BF789}
	EndGlobalSection
EndGlobal
